
Microsoft Visual Studio Solution File, Format Version 11.00
# Visual Studio 2010
Project("{FAE04EC0-301F-11D3-BF4B-00C04F79EFBC}") = "m", "m\m.csproj", "{BBBF80ED-F2E8-4E40-9CA4-E0C69C696F71}"
EndProject
Project("{FAE04EC0-301F-11D3-BF4B-00C04F79EFBC}") = "m.Tests", "m.Tests\m.Tests.csproj", "{8717C04D-3951-41FE-A471-513E77C3EB3E}"
EndProject
Global
	GlobalSection(TestCaseManagementSettings) = postSolution
		CategoryFile = m.vsmdi
	EndGlobalSection
	GlobalSection(SolutionConfigurationPlatforms) = preSolution
		Debug|Any CPU = Debug|Any CPU
		Debug|Mixed Platforms = Debug|Mixed Platforms
		Debug|x86 = Debug|x86
		Release|Any CPU = Release|Any CPU
		Release|Mixed Platforms = Release|Mixed Platforms
		Release|x86 = Release|x86
	EndGlobalSection
	GlobalSection(ProjectConfigurationPlatforms) = postSolution
		{BBBF80ED-F2E8-4E40-9CA4-E0C69C696F71}.Debug|Any CPU.ActiveCfg = Debug|x86
		{BBBF80ED-F2E8-4E40-9CA4-E0C69C696F71}.Debug|Mixed Platforms.ActiveCfg = Debug|x86
		{BBBF80ED-F2E8-4E40-9CA4-E0C69C696F71}.Debug|Mixed Platforms.Build.0 = Debug|x86
		{BBBF80ED-F2E8-4E40-9CA4-E0C69C696F71}.Debug|x86.ActiveCfg = Debug|x86
		{BBBF80ED-F2E8-4E40-9CA4-E0C69C696F71}.Debug|x86.Build.0 = Debug|x86
		{BBBF80ED-F2E8-4E40-9CA4-E0C69C696F71}.Release|Any CPU.ActiveCfg = Release|x86
		{BBBF80ED-F2E8-4E40-9CA4-E0C69C696F71}.Release|Mixed Platforms.ActiveCfg = Release|x86
		{BBBF80ED-F2E8-4E40-9CA4-E0C69C696F71}.Release|Mixed Platforms.Build.0 = Release|x86
		{BBBF80ED-F2E8-4E40-9CA4-E0C69C696F71}.Release|x86.ActiveCfg = Release|x86
		{BBBF80ED-F2E8-4E40-9CA4-E0C69C696F71}.Release|x86.Build.0 = Release|x86
		{8717C04D-3951-41FE-A471-513E77C3EB3E}.Debug|Any CPU.ActiveCfg = Debug|Any CPU
		{8717C04D-3951-41FE-A471-513E77C3EB3E}.Debug|Any CPU.Build.0 = Debug|Any CPU
		{8717C04D-3951-41FE-A471-513E77C3EB3E}.Debug|Mixed Platforms.ActiveCfg = Debug|Any CPU
		{8717C04D-3951-41FE-A471-513E77C3EB3E}.Debug|Mixed Platforms.Build.0 = Debug|Any CPU
		{8717C04D-3951-41FE-A471-513E77C3EB3E}.Debug|x86.ActiveCfg = Debug|Any CPU
		{8717C04D-3951-41FE-A471-513E77C3EB3E}.Release|Any CPU.ActiveCfg = Release|Any CPU
		{8717C04D-3951-41FE-A471-513E77C3EB3E}.Release|Any CPU.Build.0 = Release|Any CPU
		{8717C04D-3951-41FE-A471-513E77C3EB3E}.Release|Mixed Platforms.ActiveCfg = Release|Any CPU
		{8717C04D-3951-41FE-A471-513E77C3EB3E}.Release|Mixed Platforms.Build.0 = Release|Any CPU
		{8717C04D-3951-41FE-A471-513E77C3EB3E}.Release|x86.ActiveCfg = Release|Any CPU
	EndGlobalSection
	GlobalSection(SolutionProperties) = preSolution
		HideSolutionNode = FALSE
	EndGlobalSection
EndGlobal
